
Microsoft Visual Studio Solution File, Format Version 12.00
# Visual Studio Version 17
VisualStudioVersion = 17.4.33403.182
MinimumVisualStudioVersion = 10.0.40219.1
Project("{2150E333-8FDC-42A3-9474-1A3956D46DE8}") = "CustomerService", "CustomerService", "{62586D46-80B3-4DCE-A04F-BC8756876358}"
EndProject
Project("{2150E333-8FDC-42A3-9474-1A3956D46DE8}") = "Core", "Core", "{970C35AB-81CD-4122-A48D-422F71586F5D}"
EndProject
Project("{2150E333-8FDC-42A3-9474-1A3956D46DE8}") = "Tests", "Tests", "{5E431AA8-B09E-4A0F-B8E9-BD2083BA935D}"
EndProject
Project("{2150E333-8FDC-42A3-9474-1A3956D46DE8}") = "Adapters", "Adapters", "{46AF1A0C-D2AC-436B-AAED-AB0DC2505DE3}"
EndProject
Project("{2150E333-8FDC-42A3-9474-1A3956D46DE8}") = "Consumers", "Consumers", "{B0A54C93-010B-4CBB-8504-2C412012D13F}"
EndProject
Project("{2150E333-8FDC-42A3-9474-1A3956D46DE8}") = "Domain", "Domain", "{31C8FAF7-89A2-4AF3-A509-6A37D893F9BA}"
EndProject
Project("{2150E333-8FDC-42A3-9474-1A3956D46DE8}") = "Application", "Application", "{0B4E154A-7938-4F84-993C-ED4ACB499E89}"
EndProject
Project("{2150E333-8FDC-42A3-9474-1A3956D46DE8}") = "Shared", "Shared", "{A74D2047-6581-4153-A37E-E4CBAA8AE570}"
EndProject
Project("{2150E333-8FDC-42A3-9474-1A3956D46DE8}") = "Adapters", "Adapters", "{6A924428-B124-4277-8E04-3AE3DFC542AD}"
EndProject
Project("{2150E333-8FDC-42A3-9474-1A3956D46DE8}") = "Application", "Application", "{645A5CC7-1026-48D1-8174-19853A42683A}"
EndProject
Project("{2150E333-8FDC-42A3-9474-1A3956D46DE8}") = "Domain", "Domain", "{E57FC8EA-7BD7-4339-A055-08FD883D2247}"
EndProject
Project("{2150E333-8FDC-42A3-9474-1A3956D46DE8}") = "API", "API", "{1C1749C8-5104-4D7B-AF37-C50FE10450FB}"
EndProject
Project("{2150E333-8FDC-42A3-9474-1A3956D46DE8}") = "Data", "Data", "{715BA95E-986B-47EC-88CE-357ED8E7FE29}"
EndProject
Project("{9A19103F-16F7-4668-BE54-9A1E7A4F7556}") = "Domain", "CustomerService\Core\Domain\Domain.csproj", "{C98ACB2E-9A46-414B-A211-F8AEB4878031}"
EndProject
Project("{FAE04EC0-301F-11D3-BF4B-00C04F79EFBC}") = "Application", "CustomerService\Core\Application\Application.csproj", "{A4F3B731-6487-405C-84B2-7B377AEFE7E5}"
EndProject
Project("{FAE04EC0-301F-11D3-BF4B-00C04F79EFBC}") = "Shared", "CustomerService\Core\Shared\Shared.csproj", "{8F6D3AEF-AB92-4D9B-A0BB-DFA246615EEF}"
EndProject
Project("{FAE04EC0-301F-11D3-BF4B-00C04F79EFBC}") = "Data", "CustomerService\Adapters\Data\Data.csproj", "{FBF6A34D-601F-49CC-83A1-CA1B09ABC7C4}"
EndProject
Project("{FAE04EC0-301F-11D3-BF4B-00C04F79EFBC}") = "API", "CustomerService\Consumers\API\API.csproj", "{C9001150-D3E3-4D87-A7C3-6D9252332333}"
EndProject
Project("{FAE04EC0-301F-11D3-BF4B-00C04F79EFBC}") = "AdaptersTests", "CustomerService\Tests\Adapters\AdaptersTests\AdaptersTests.csproj", "{79A8EF92-DF6B-4506-8B98-E865B8AF5D0A}"
EndProject
Project("{FAE04EC0-301F-11D3-BF4B-00C04F79EFBC}") = "ApplicationTests", "CustomerService\Tests\Application\ApplicationTests\ApplicationTests.csproj", "{23435F3B-5507-4216-B40A-60B6FDC3B3D7}"
EndProject
Project("{FAE04EC0-301F-11D3-BF4B-00C04F79EFBC}") = "DomainTests", "CustomerService\Tests\Domain\DomainTests\DomainTests.csproj", "{6527287F-87B6-407C-A971-6B72150409FD}"
EndProject
Global
	GlobalSection(SolutionConfigurationPlatforms) = preSolution
		Debug|Any CPU = Debug|Any CPU
		Release|Any CPU = Release|Any CPU
	EndGlobalSection
	GlobalSection(ProjectConfigurationPlatforms) = postSolution
		{C98ACB2E-9A46-414B-A211-F8AEB4878031}.Debug|Any CPU.ActiveCfg = Debug|Any CPU
		{C98ACB2E-9A46-414B-A211-F8AEB4878031}.Debug|Any CPU.Build.0 = Debug|Any CPU
		{C98ACB2E-9A46-414B-A211-F8AEB4878031}.Release|Any CPU.ActiveCfg = Release|Any CPU
		{C98ACB2E-9A46-414B-A211-F8AEB4878031}.Release|Any CPU.Build.0 = Release|Any CPU
		{A4F3B731-6487-405C-84B2-7B377AEFE7E5}.Debug|Any CPU.ActiveCfg = Debug|Any CPU
		{A4F3B731-6487-405C-84B2-7B377AEFE7E5}.Debug|Any CPU.Build.0 = Debug|Any CPU
		{A4F3B731-6487-405C-84B2-7B377AEFE7E5}.Release|Any CPU.ActiveCfg = Release|Any CPU
		{A4F3B731-6487-405C-84B2-7B377AEFE7E5}.Release|Any CPU.Build.0 = Release|Any CPU
		{8F6D3AEF-AB92-4D9B-A0BB-DFA246615EEF}.Debug|Any CPU.ActiveCfg = Debug|Any CPU
		{8F6D3AEF-AB92-4D9B-A0BB-DFA246615EEF}.Debug|Any CPU.Build.0 = Debug|Any CPU
		{8F6D3AEF-AB92-4D9B-A0BB-DFA246615EEF}.Release|Any CPU.ActiveCfg = Release|Any CPU
		{8F6D3AEF-AB92-4D9B-A0BB-DFA246615EEF}.Release|Any CPU.Build.0 = Release|Any CPU
		{FBF6A34D-601F-49CC-83A1-CA1B09ABC7C4}.Debug|Any CPU.ActiveCfg = Debug|Any CPU
		{FBF6A34D-601F-49CC-83A1-CA1B09ABC7C4}.Debug|Any CPU.Build.0 = Debug|Any CPU
		{FBF6A34D-601F-49CC-83A1-CA1B09ABC7C4}.Release|Any CPU.ActiveCfg = Release|Any CPU
		{FBF6A34D-601F-49CC-83A1-CA1B09ABC7C4}.Release|Any CPU.Build.0 = Release|Any CPU
		{C9001150-D3E3-4D87-A7C3-6D9252332333}.Debug|Any CPU.ActiveCfg = Debug|Any CPU
		{C9001150-D3E3-4D87-A7C3-6D9252332333}.Debug|Any CPU.Build.0 = Debug|Any CPU
		{C9001150-D3E3-4D87-A7C3-6D9252332333}.Release|Any CPU.ActiveCfg = Release|Any CPU
		{C9001150-D3E3-4D87-A7C3-6D9252332333}.Release|Any CPU.Build.0 = Release|Any CPU
		{79A8EF92-DF6B-4506-8B98-E865B8AF5D0A}.Debug|Any CPU.ActiveCfg = Debug|Any CPU
		{79A8EF92-DF6B-4506-8B98-E865B8AF5D0A}.Debug|Any CPU.Build.0 = Debug|Any CPU
		{79A8EF92-DF6B-4506-8B98-E865B8AF5D0A}.Release|Any CPU.ActiveCfg = Release|Any CPU
		{79A8EF92-DF6B-4506-8B98-E865B8AF5D0A}.Release|Any CPU.Build.0 = Release|Any CPU
		{23435F3B-5507-4216-B40A-60B6FDC3B3D7}.Debug|Any CPU.ActiveCfg = Debug|Any CPU
		{23435F3B-5507-4216-B40A-60B6FDC3B3D7}.Debug|Any CPU.Build.0 = Debug|Any CPU
		{23435F3B-5507-4216-B40A-60B6FDC3B3D7}.Release|Any CPU.ActiveCfg = Release|Any CPU
		{23435F3B-5507-4216-B40A-60B6FDC3B3D7}.Release|Any CPU.Build.0 = Release|Any CPU
		{6527287F-87B6-407C-A971-6B72150409FD}.Debug|Any CPU.ActiveCfg = Debug|Any CPU
		{6527287F-87B6-407C-A971-6B72150409FD}.Debug|Any CPU.Build.0 = Debug|Any CPU
		{6527287F-87B6-407C-A971-6B72150409FD}.Release|Any CPU.ActiveCfg = Release|Any CPU
		{6527287F-87B6-407C-A971-6B72150409FD}.Release|Any CPU.Build.0 = Release|Any CPU
	EndGlobalSection
	GlobalSection(SolutionProperties) = preSolution
		HideSolutionNode = FALSE
	EndGlobalSection
	GlobalSection(NestedProjects) = preSolution
		{970C35AB-81CD-4122-A48D-422F71586F5D} = {62586D46-80B3-4DCE-A04F-BC8756876358}
		{5E431AA8-B09E-4A0F-B8E9-BD2083BA935D} = {62586D46-80B3-4DCE-A04F-BC8756876358}
		{46AF1A0C-D2AC-436B-AAED-AB0DC2505DE3} = {62586D46-80B3-4DCE-A04F-BC8756876358}
		{B0A54C93-010B-4CBB-8504-2C412012D13F} = {62586D46-80B3-4DCE-A04F-BC8756876358}
		{31C8FAF7-89A2-4AF3-A509-6A37D893F9BA} = {970C35AB-81CD-4122-A48D-422F71586F5D}
		{0B4E154A-7938-4F84-993C-ED4ACB499E89} = {970C35AB-81CD-4122-A48D-422F71586F5D}
		{A74D2047-6581-4153-A37E-E4CBAA8AE570} = {970C35AB-81CD-4122-A48D-422F71586F5D}
		{6A924428-B124-4277-8E04-3AE3DFC542AD} = {5E431AA8-B09E-4A0F-B8E9-BD2083BA935D}
		{645A5CC7-1026-48D1-8174-19853A42683A} = {5E431AA8-B09E-4A0F-B8E9-BD2083BA935D}
		{E57FC8EA-7BD7-4339-A055-08FD883D2247} = {5E431AA8-B09E-4A0F-B8E9-BD2083BA935D}
		{1C1749C8-5104-4D7B-AF37-C50FE10450FB} = {B0A54C93-010B-4CBB-8504-2C412012D13F}
		{715BA95E-986B-47EC-88CE-357ED8E7FE29} = {46AF1A0C-D2AC-436B-AAED-AB0DC2505DE3}
		{C98ACB2E-9A46-414B-A211-F8AEB4878031} = {31C8FAF7-89A2-4AF3-A509-6A37D893F9BA}
		{A4F3B731-6487-405C-84B2-7B377AEFE7E5} = {0B4E154A-7938-4F84-993C-ED4ACB499E89}
		{8F6D3AEF-AB92-4D9B-A0BB-DFA246615EEF} = {A74D2047-6581-4153-A37E-E4CBAA8AE570}
		{FBF6A34D-601F-49CC-83A1-CA1B09ABC7C4} = {715BA95E-986B-47EC-88CE-357ED8E7FE29}
		{C9001150-D3E3-4D87-A7C3-6D9252332333} = {1C1749C8-5104-4D7B-AF37-C50FE10450FB}
		{79A8EF92-DF6B-4506-8B98-E865B8AF5D0A} = {6A924428-B124-4277-8E04-3AE3DFC542AD}
		{23435F3B-5507-4216-B40A-60B6FDC3B3D7} = {645A5CC7-1026-48D1-8174-19853A42683A}
		{6527287F-87B6-407C-A971-6B72150409FD} = {E57FC8EA-7BD7-4339-A055-08FD883D2247}
	EndGlobalSection
	GlobalSection(ExtensibilityGlobals) = postSolution
		SolutionGuid = {4DE181D3-590A-4268-9BC6-157CCE7BE7F3}
	EndGlobalSection
EndGlobal
